// !$*UTF8*$!
{
	archiveVersion = 1;
	classes = {
	};
	objectVersion = 46;
	objects = {

/* Begin PBXBuildFile section */
		F8682D781D42123300B6D994 /* CoreLocation.framework in Frameworks */ = {isa = PBXBuildFile; fileRef = F8682D771D42123300B6D994 /* CoreLocation.framework */; };
		F86896E41D3F370600C7E6EE /* NetworkManager.m in Sources */ = {isa = PBXBuildFile; fileRef = F86896E31D3F370600C7E6EE /* NetworkManager.m */; };
		F8BB8C1C1D3F98A2008C0EE2 /* network.m in Sources */ = {isa = PBXBuildFile; fileRef = F8BB8C1B1D3F98A2008C0EE2 /* network.m */; };
		F8BB8C1F1D4076F7008C0EE2 /* NSNumber+Transform.m in Sources */ = {isa = PBXBuildFile; fileRef = F8BB8C1E1D4076F7008C0EE2 /* NSNumber+Transform.m */; };
		F8BB8C211D40CDC6008C0EE2 /* MapKit.framework in Frameworks */ = {isa = PBXBuildFile; fileRef = F8BB8C201D40CDC6008C0EE2 /* MapKit.framework */; };
		F8BB8C241D40D71C008C0EE2 /* RecordListVC.m in Sources */ = {isa = PBXBuildFile; fileRef = F8BB8C231D40D71C008C0EE2 /* RecordListVC.m */; };
		F8BB8C271D40D72F008C0EE2 /* ListDetailVC.m in Sources */ = {isa = PBXBuildFile; fileRef = F8BB8C261D40D72F008C0EE2 /* ListDetailVC.m */; };
		F8BB8C291D40DC16008C0EE2 /* nonImg.png in Resources */ = {isa = PBXBuildFile; fileRef = F8BB8C281D40DC16008C0EE2 /* nonImg.png */; };
		F8FF114E1D3E36E400FC9F58 /* main.m in Sources */ = {isa = PBXBuildFile; fileRef = F8FF114D1D3E36E400FC9F58 /* main.m */; };
		F8FF11511D3E36E500FC9F58 /* AppDelegate.m in Sources */ = {isa = PBXBuildFile; fileRef = F8FF11501D3E36E500FC9F58 /* AppDelegate.m */; };
		F8FF11541D3E36E500FC9F58 /* ViewController.m in Sources */ = {isa = PBXBuildFile; fileRef = F8FF11531D3E36E500FC9F58 /* ViewController.m */; };
		F8FF11571D3E36E500FC9F58 /* Main.storyboard in Resources */ = {isa = PBXBuildFile; fileRef = F8FF11551D3E36E500FC9F58 /* Main.storyboard */; };
		F8FF11591D3E36E500FC9F58 /* Assets.xcassets in Resources */ = {isa = PBXBuildFile; fileRef = F8FF11581D3E36E500FC9F58 /* Assets.xcassets */; };
		F8FF115C1D3E36E500FC9F58 /* LaunchScreen.storyboard in Resources */ = {isa = PBXBuildFile; fileRef = F8FF115A1D3E36E500FC9F58 /* LaunchScreen.storyboard */; };
/* End PBXBuildFile section */

/* Begin PBXFileReference section */
		F8682D771D42123300B6D994 /* CoreLocation.framework */ = {isa = PBXFileReference; lastKnownFileType = wrapper.framework; name = CoreLocation.framework; path = "../../../../Downloads/iOS-Runtime-Headers/Frameworks/CoreLocation.framework"; sourceTree = "<group>"; };
		F8682D791D42125B00B6D994 /* _CLLocationManagerRoutineProxy.h */ = {isa = PBXFileReference; lastKnownFileType = sourcecode.c.h; name = _CLLocationManagerRoutineProxy.h; path = "../../../../Downloads/iOS-Runtime-Headers/Frameworks/CoreLocation.framework/_CLLocationManagerRoutineProxy.h"; sourceTree = "<group>"; };
		F8682D7A1D42125C00B6D994 /* CLBeacon.h */ = {isa = PBXFileReference; lastKnownFileType = sourcecode.c.h; name = CLBeacon.h; path = "../../../../Downloads/iOS-Runtime-Headers/Frameworks/CoreLocation.framework/CLBeacon.h"; sourceTree = "<group>"; };
		F8682D7B1D42125C00B6D994 /* CLBeaconRegion.h */ = {isa = PBXFileReference; lastKnownFileType = sourcecode.c.h; name = CLBeaconRegion.h; path = "../../../../Downloads/iOS-Runtime-Headers/Frameworks/CoreLocation.framework/CLBeaconRegion.h"; sourceTree = "<group>"; };
		F8682D7C1D42125C00B6D994 /* CLCircularRegion.h */ = {isa = PBXFileReference; lastKnownFileType = sourcecode.c.h; name = CLCircularRegion.h; path = "../../../../Downloads/iOS-Runtime-Headers/Frameworks/CoreLocation.framework/CLCircularRegion.h"; sourceTree = "<group>"; };
		F8682D7D1D42125C00B6D994 /* CLFloor.h */ = {isa = PBXFileReference; lastKnownFileType = sourcecode.c.h; name = CLFloor.h; path = "../../../../Downloads/iOS-Runtime-Headers/Frameworks/CoreLocation.framework/CLFloor.h"; sourceTree = "<group>"; };
		F8682D7E1D42125C00B6D994 /* CLGeocoder.h */ = {isa = PBXFileReference; lastKnownFileType = sourcecode.c.h; name = CLGeocoder.h; path = "../../../../Downloads/iOS-Runtime-Headers/Frameworks/CoreLocation.framework/CLGeocoder.h"; sourceTree = "<group>"; };
		F8682D7F1D42125C00B6D994 /* CLGeocoderInternal.h */ = {isa = PBXFileReference; lastKnownFileType = sourcecode.c.h; name = CLGeocoderInternal.h; path = "../../../../Downloads/iOS-Runtime-Headers/Frameworks/CoreLocation.framework/CLGeocoderInternal.h"; sourceTree = "<group>"; };
		F8682D801D42125C00B6D994 /* CLHeading.h */ = {isa = PBXFileReference; lastKnownFileType = sourcecode.c.h; name = CLHeading.h; path = "../../../../Downloads/iOS-Runtime-Headers/Frameworks/CoreLocation.framework/CLHeading.h"; sourceTree = "<group>"; };
		F8682D811D42125C00B6D994 /* CLHeadingInternal.h */ = {isa = PBXFileReference; lastKnownFileType = sourcecode.c.h; name = CLHeadingInternal.h; path = "../../../../Downloads/iOS-Runtime-Headers/Frameworks/CoreLocation.framework/CLHeadingInternal.h"; sourceTree = "<group>"; };
		F8682D821D42125C00B6D994 /* CLInUseAssertion.h */ = {isa = PBXFileReference; lastKnownFileType = sourcecode.c.h; name = CLInUseAssertion.h; path = "../../../../Downloads/iOS-Runtime-Headers/Frameworks/CoreLocation.framework/CLInUseAssertion.h"; sourceTree = "<group>"; };
		F8682D831D42125C00B6D994 /* CLInUseAssertionInternal.h */ = {isa = PBXFileReference; lastKnownFileType = sourcecode.c.h; name = CLInUseAssertionInternal.h; path = "../../../../Downloads/iOS-Runtime-Headers/Frameworks/CoreLocation.framework/CLInUseAssertionInternal.h"; sourceTree = "<group>"; };
		F8682D841D42125C00B6D994 /* CLLocation.h */ = {isa = PBXFileReference; lastKnownFileType = sourcecode.c.h; name = CLLocation.h; path = "../../../../Downloads/iOS-Runtime-Headers/Frameworks/CoreLocation.framework/CLLocation.h"; sourceTree = "<group>"; };
		F8682D851D42125C00B6D994 /* CLLocationInternal.h */ = {isa = PBXFileReference; lastKnownFileType = sourcecode.c.h; name = CLLocationInternal.h; path = "../../../../Downloads/iOS-Runtime-Headers/Frameworks/CoreLocation.framework/CLLocationInternal.h"; sourceTree = "<group>"; };
		F8682D861D42125C00B6D994 /* CLLocationManager.h */ = {isa = PBXFileReference; lastKnownFileType = sourcecode.c.h; name = CLLocationManager.h; path = "../../../../Downloads/iOS-Runtime-Headers/Frameworks/CoreLocation.framework/CLLocationManager.h"; sourceTree = "<group>"; };
		F8682D871D42125C00B6D994 /* CLLocationManagerInternal.h */ = {isa = PBXFileReference; lastKnownFileType = sourcecode.c.h; name = CLLocationManagerInternal.h; path = "../../../../Downloads/iOS-Runtime-Headers/Frameworks/CoreLocation.framework/CLLocationManagerInternal.h"; sourceTree = "<group>"; };
		F8682D881D42125C00B6D994 /* CLLocationManagerRoutine.h */ = {isa = PBXFileReference; lastKnownFileType = sourcecode.c.h; name = CLLocationManagerRoutine.h; path = "../../../../Downloads/iOS-Runtime-Headers/Frameworks/CoreLocation.framework/CLLocationManagerRoutine.h"; sourceTree = "<group>"; };
		F8682D891D42125C00B6D994 /* CLLocationMatchInfo.h */ = {isa = PBXFileReference; lastKnownFileType = sourcecode.c.h; name = CLLocationMatchInfo.h; path = "../../../../Downloads/iOS-Runtime-Headers/Frameworks/CoreLocation.framework/CLLocationMatchInfo.h"; sourceTree = "<group>"; };
		F8682D8A1D42125C00B6D994 /* CLLocationMatchInfoInternal.h */ = {isa = PBXFileReference; lastKnownFileType = sourcecode.c.h; name = CLLocationMatchInfoInternal.h; path = "../../../../Downloads/iOS-Runtime-Headers/Frameworks/CoreLocation.framework/CLLocationMatchInfoInternal.h"; sourceTree = "<group>"; };
		F8682D8B1D42125C00B6D994 /* CLPlacemark.h */ = {isa = PBXFileReference; lastKnownFileType = sourcecode.c.h; name = CLPlacemark.h; path = "../../../../Downloads/iOS-Runtime-Headers/Frameworks/CoreLocation.framework/CLPlacemark.h"; sourceTree = "<group>"; };
		F8682D8C1D42125C00B6D994 /* CLPlacemarkInternal.h */ = {isa = PBXFileReference; lastKnownFileType = sourcecode.c.h; name = CLPlacemarkInternal.h; path = "../../../../Downloads/iOS-Runtime-Headers/Frameworks/CoreLocation.framework/CLPlacemarkInternal.h"; sourceTree = "<group>"; };
		F8682D8D1D42125C00B6D994 /* CLRegion.h */ = {isa = PBXFileReference; lastKnownFileType = sourcecode.c.h; name = CLRegion.h; path = "../../../../Downloads/iOS-Runtime-Headers/Frameworks/CoreLocation.framework/CLRegion.h"; sourceTree = "<group>"; };
		F8682D8E1D42125C00B6D994 /* CLSimulationManager.h */ = {isa = PBXFileReference; lastKnownFileType = sourcecode.c.h; name = CLSimulationManager.h; path = "../../../../Downloads/iOS-Runtime-Headers/Frameworks/CoreLocation.framework/CLSimulationManager.h"; sourceTree = "<group>"; };
		F8682D8F1D42125C00B6D994 /* CLTilesManagerClient.h */ = {isa = PBXFileReference; lastKnownFileType = sourcecode.c.h; name = CLTilesManagerClient.h; path = "../../../../Downloads/iOS-Runtime-Headers/Frameworks/CoreLocation.framework/CLTilesManagerClient.h"; sourceTree = "<group>"; };
		F8682D901D42125C00B6D994 /* CLVehicleHeading.h */ = {isa = PBXFileReference; lastKnownFileType = sourcecode.c.h; name = CLVehicleHeading.h; path = "../../../../Downloads/iOS-Runtime-Headers/Frameworks/CoreLocation.framework/CLVehicleHeading.h"; sourceTree = "<group>"; };
		F8682D911D42125C00B6D994 /* CLVehicleHeadingInternal.h */ = {isa = PBXFileReference; lastKnownFileType = sourcecode.c.h; name = CLVehicleHeadingInternal.h; path = "../../../../Downloads/iOS-Runtime-Headers/Frameworks/CoreLocation.framework/CLVehicleHeadingInternal.h"; sourceTree = "<group>"; };
		F8682D921D42125C00B6D994 /* CLVehicleSpeed.h */ = {isa = PBXFileReference; lastKnownFileType = sourcecode.c.h; name = CLVehicleSpeed.h; path = "../../../../Downloads/iOS-Runtime-Headers/Frameworks/CoreLocation.framework/CLVehicleSpeed.h"; sourceTree = "<group>"; };
		F8682D931D42125C00B6D994 /* CLVehicleSpeedInternal.h */ = {isa = PBXFileReference; lastKnownFileType = sourcecode.c.h; name = CLVehicleSpeedInternal.h; path = "../../../../Downloads/iOS-Runtime-Headers/Frameworks/CoreLocation.framework/CLVehicleSpeedInternal.h"; sourceTree = "<group>"; };
		F8682D941D42125C00B6D994 /* CLVisit.h */ = {isa = PBXFileReference; lastKnownFileType = sourcecode.c.h; name = CLVisit.h; path = "../../../../Downloads/iOS-Runtime-Headers/Frameworks/CoreLocation.framework/CLVisit.h"; sourceTree = "<group>"; };
		F86896E21D3F370600C7E6EE /* NetworkManager.h */ = {isa = PBXFileReference; fileEncoding = 4; lastKnownFileType = sourcecode.c.h; path = NetworkManager.h; sourceTree = "<group>"; };
		F86896E31D3F370600C7E6EE /* NetworkManager.m */ = {isa = PBXFileReference; fileEncoding = 4; lastKnownFileType = sourcecode.c.objc; path = NetworkManager.m; sourceTree = "<group>"; };
		F8BB8C1A1D3F98A2008C0EE2 /* network.h */ = {isa = PBXFileReference; fileEncoding = 4; lastKnownFileType = sourcecode.c.h; path = network.h; sourceTree = "<group>"; };
		F8BB8C1B1D3F98A2008C0EE2 /* network.m */ = {isa = PBXFileReference; fileEncoding = 4; lastKnownFileType = sourcecode.c.objc; path = network.m; sourceTree = "<group>"; };
		F8BB8C1D1D4076F7008C0EE2 /* NSNumber+Transform.h */ = {isa = PBXFileReference; fileEncoding = 4; lastKnownFileType = sourcecode.c.h; path = "NSNumber+Transform.h"; sourceTree = "<group>"; };
		F8BB8C1E1D4076F7008C0EE2 /* NSNumber+Transform.m */ = {isa = PBXFileReference; fileEncoding = 4; lastKnownFileType = sourcecode.c.objc; path = "NSNumber+Transform.m"; sourceTree = "<group>"; };
		F8BB8C201D40CDC6008C0EE2 /* MapKit.framework */ = {isa = PBXFileReference; lastKnownFileType = wrapper.framework; name = MapKit.framework; path = System/Library/Frameworks/MapKit.framework; sourceTree = SDKROOT; };
		F8BB8C221D40D71C008C0EE2 /* RecordListVC.h */ = {isa = PBXFileReference; fileEncoding = 4; lastKnownFileType = sourcecode.c.h; path = RecordListVC.h; sourceTree = "<group>"; };
		F8BB8C231D40D71C008C0EE2 /* RecordListVC.m */ = {isa = PBXFileReference; fileEncoding = 4; lastKnownFileType = sourcecode.c.objc; path = RecordListVC.m; sourceTree = "<group>"; };
		F8BB8C251D40D72F008C0EE2 /* ListDetailVC.h */ = {isa = PBXFileReference; fileEncoding = 4; lastKnownFileType = sourcecode.c.h; path = ListDetailVC.h; sourceTree = "<group>"; };
		F8BB8C261D40D72F008C0EE2 /* ListDetailVC.m */ = {isa = PBXFileReference; fileEncoding = 4; lastKnownFileType = sourcecode.c.objc; path = ListDetailVC.m; sourceTree = "<group>"; };
		F8BB8C281D40DC16008C0EE2 /* nonImg.png */ = {isa = PBXFileReference; lastKnownFileType = image.png; path = nonImg.png; sourceTree = "<group>"; };
		F8FF11491D3E36E400FC9F58 /* 定位测试.app */ = {isa = PBXFileReference; explicitFileType = wrapper.application; includeInIndex = 0; path = "定位测试.app"; sourceTree = BUILT_PRODUCTS_DIR; };
		F8FF114D1D3E36E400FC9F58 /* main.m */ = {isa = PBXFileReference; lastKnownFileType = sourcecode.c.objc; path = main.m; sourceTree = "<group>"; };
		F8FF114F1D3E36E500FC9F58 /* AppDelegate.h */ = {isa = PBXFileReference; lastKnownFileType = sourcecode.c.h; path = AppDelegate.h; sourceTree = "<group>"; };
		F8FF11501D3E36E500FC9F58 /* AppDelegate.m */ = {isa = PBXFileReference; lastKnownFileType = sourcecode.c.objc; path = AppDelegate.m; sourceTree = "<group>"; };
		F8FF11521D3E36E500FC9F58 /* ViewController.h */ = {isa = PBXFileReference; lastKnownFileType = sourcecode.c.h; path = ViewController.h; sourceTree = "<group>"; };
		F8FF11531D3E36E500FC9F58 /* ViewController.m */ = {isa = PBXFileReference; lastKnownFileType = sourcecode.c.objc; path = ViewController.m; sourceTree = "<group>"; };
		F8FF11561D3E36E500FC9F58 /* Base */ = {isa = PBXFileReference; lastKnownFileType = file.storyboard; name = Base; path = Base.lproj/Main.storyboard; sourceTree = "<group>"; };
		F8FF11581D3E36E500FC9F58 /* Assets.xcassets */ = {isa = PBXFileReference; lastKnownFileType = folder.assetcatalog; path = Assets.xcassets; sourceTree = "<group>"; };
		F8FF115B1D3E36E500FC9F58 /* Base */ = {isa = PBXFileReference; lastKnownFileType = file.storyboard; name = Base; path = Base.lproj/LaunchScreen.storyboard; sourceTree = "<group>"; };
		F8FF115D1D3E36E500FC9F58 /* Info.plist */ = {isa = PBXFileReference; lastKnownFileType = text.plist.xml; path = Info.plist; sourceTree = "<group>"; };
/* End PBXFileReference section */

/* Begin PBXFrameworksBuildPhase section */
		F8FF11461D3E36E400FC9F58 /* Frameworks */ = {
			isa = PBXFrameworksBuildPhase;
			buildActionMask = 2147483647;
			files = (
				F8682D781D42123300B6D994 /* CoreLocation.framework in Frameworks */,
				F8BB8C211D40CDC6008C0EE2 /* MapKit.framework in Frameworks */,
			);
			runOnlyForDeploymentPostprocessing = 0;
		};
/* End PBXFrameworksBuildPhase section */

/* Begin PBXGroup section */
		F8FF11401D3E36E400FC9F58 = {
			isa = PBXGroup;
			children = (
				F8682D791D42125B00B6D994 /* _CLLocationManagerRoutineProxy.h */,
				F8682D7A1D42125C00B6D994 /* CLBeacon.h */,
				F8682D7B1D42125C00B6D994 /* CLBeaconRegion.h */,
				F8682D7C1D42125C00B6D994 /* CLCircularRegion.h */,
				F8682D7D1D42125C00B6D994 /* CLFloor.h */,
				F8682D7E1D42125C00B6D994 /* CLGeocoder.h */,
				F8682D7F1D42125C00B6D994 /* CLGeocoderInternal.h */,
				F8682D801D42125C00B6D994 /* CLHeading.h */,
				F8682D811D42125C00B6D994 /* CLHeadingInternal.h */,
				F8682D821D42125C00B6D994 /* CLInUseAssertion.h */,
				F8682D831D42125C00B6D994 /* CLInUseAssertionInternal.h */,
				F8682D841D42125C00B6D994 /* CLLocation.h */,
				F8682D851D42125C00B6D994 /* CLLocationInternal.h */,
				F8682D861D42125C00B6D994 /* CLLocationManager.h */,
				F8682D871D42125C00B6D994 /* CLLocationManagerInternal.h */,
				F8682D881D42125C00B6D994 /* CLLocationManagerRoutine.h */,
				F8682D891D42125C00B6D994 /* CLLocationMatchInfo.h */,
				F8682D8A1D42125C00B6D994 /* CLLocationMatchInfoInternal.h */,
				F8682D8B1D42125C00B6D994 /* CLPlacemark.h */,
				F8682D8C1D42125C00B6D994 /* CLPlacemarkInternal.h */,
				F8682D8D1D42125C00B6D994 /* CLRegion.h */,
				F8682D8E1D42125C00B6D994 /* CLSimulationManager.h */,
				F8682D8F1D42125C00B6D994 /* CLTilesManagerClient.h */,
				F8682D901D42125C00B6D994 /* CLVehicleHeading.h */,
				F8682D911D42125C00B6D994 /* CLVehicleHeadingInternal.h */,
				F8682D921D42125C00B6D994 /* CLVehicleSpeed.h */,
				F8682D931D42125C00B6D994 /* CLVehicleSpeedInternal.h */,
				F8682D941D42125C00B6D994 /* CLVisit.h */,
				F8682D771D42123300B6D994 /* CoreLocation.framework */,
				F8BB8C201D40CDC6008C0EE2 /* MapKit.framework */,
				F8FF114B1D3E36E400FC9F58 /* WiFi_Souround */,
				F8FF114A1D3E36E400FC9F58 /* Products */,
			);
			sourceTree = "<group>";
		};
		F8FF114A1D3E36E400FC9F58 /* Products */ = {
			isa = PBXGroup;
			children = (
				F8FF11491D3E36E400FC9F58 /* 定位测试.app */,
			);
			name = Products;
			sourceTree = "<group>";
		};
		F8FF114B1D3E36E400FC9F58 /* WiFi_Souround */ = {
			isa = PBXGroup;
			children = (
				F8BB8C281D40DC16008C0EE2 /* nonImg.png */,
				F8FF114F1D3E36E500FC9F58 /* AppDelegate.h */,
				F8FF11501D3E36E500FC9F58 /* AppDelegate.m */,
				F8FF11521D3E36E500FC9F58 /* ViewController.h */,
				F8FF11531D3E36E500FC9F58 /* ViewController.m */,
				F8BB8C221D40D71C008C0EE2 /* RecordListVC.h */,
				F8BB8C231D40D71C008C0EE2 /* RecordListVC.m */,
				F8BB8C251D40D72F008C0EE2 /* ListDetailVC.h */,
				F8BB8C261D40D72F008C0EE2 /* ListDetailVC.m */,
				F8FF11581D3E36E500FC9F58 /* Assets.xcassets */,
				F8FF11551D3E36E500FC9F58 /* Main.storyboard */,
				F8FF115A1D3E36E500FC9F58 /* LaunchScreen.storyboard */,
				F8FF115D1D3E36E500FC9F58 /* Info.plist */,
				F8FF114C1D3E36E400FC9F58 /* Supporting Files */,
				F86896E21D3F370600C7E6EE /* NetworkManager.h */,
				F86896E31D3F370600C7E6EE /* NetworkManager.m */,
				F8BB8C1A1D3F98A2008C0EE2 /* network.h */,
				F8BB8C1B1D3F98A2008C0EE2 /* network.m */,
			);
			path = WiFi_Souround;
			sourceTree = "<group>";
		};
		F8FF114C1D3E36E400FC9F58 /* Supporting Files */ = {
			isa = PBXGroup;
			children = (
				F8FF114D1D3E36E400FC9F58 /* main.m */,
				F8BB8C1D1D4076F7008C0EE2 /* NSNumber+Transform.h */,
				F8BB8C1E1D4076F7008C0EE2 /* NSNumber+Transform.m */,
			);
			name = "Supporting Files";
			sourceTree = "<group>";
		};
/* End PBXGroup section */

/* Begin PBXNativeTarget section */
		F8FF11481D3E36E400FC9F58 /* Wifi_souround */ = {
			isa = PBXNativeTarget;
			buildConfigurationList = F8FF11601D3E36E500FC9F58 /* Build configuration list for PBXNativeTarget "Wifi_souround" */;
			buildPhases = (
				F8FF11451D3E36E400FC9F58 /* Sources */,
				F8FF11461D3E36E400FC9F58 /* Frameworks */,
				F8FF11471D3E36E400FC9F58 /* Resources */,
			);
			buildRules = (
			);
			dependencies = (
			);
			name = Wifi_souround;
			productName = WiFi_Souround;
			productReference = F8FF11491D3E36E400FC9F58 /* 定位测试.app */;
			productType = "com.apple.product-type.application";
		};
/* End PBXNativeTarget section */

/* Begin PBXProject section */
		F8FF11411D3E36E400FC9F58 /* Project object */ = {
			isa = PBXProject;
			attributes = {
				LastUpgradeCheck = 0710;
				ORGANIZATIONNAME = NonMac;
				TargetAttributes = {
					F8FF11481D3E36E400FC9F58 = {
						CreatedOnToolsVersion = 7.1;
						DevelopmentTeam = VR2444KXAF;
					};
				};
			};
			buildConfigurationList = F8FF11441D3E36E400FC9F58 /* Build configuration list for PBXProject "WiFi_Souround" */;
			compatibilityVersion = "Xcode 3.2";
			developmentRegion = English;
			hasScannedForEncodings = 0;
			knownRegions = (
				en,
				Base,
			);
			mainGroup = F8FF11401D3E36E400FC9F58;
			productRefGroup = F8FF114A1D3E36E400FC9F58 /* Products */;
			projectDirPath = "";
			projectRoot = "";
			targets = (
				F8FF11481D3E36E400FC9F58 /* Wifi_souround */,
			);
		};
/* End PBXProject section */

/* Begin PBXResourcesBuildPhase section */
		F8FF11471D3E36E400FC9F58 /* Resources */ = {
			isa = PBXResourcesBuildPhase;
			buildActionMask = 2147483647;
			files = (
				F8FF115C1D3E36E500FC9F58 /* LaunchScreen.storyboard in Resources */,
				F8BB8C291D40DC16008C0EE2 /* nonImg.png in Resources */,
				F8FF11591D3E36E500FC9F58 /* Assets.xcassets in Resources */,
				F8FF11571D3E36E500FC9F58 /* Main.storyboard in Resources */,
			);
			runOnlyForDeploymentPostprocessing = 0;
		};
/* End PBXResourcesBuildPhase section */

/* Begin PBXSourcesBuildPhase section */
		F8FF11451D3E36E400FC9F58 /* Sources */ = {
			isa = PBXSourcesBuildPhase;
			buildActionMask = 2147483647;
			files = (
				F86896E41D3F370600C7E6EE /* NetworkManager.m in Sources */,
				F8BB8C271D40D72F008C0EE2 /* ListDetailVC.m in Sources */,
				F8FF11541D3E36E500FC9F58 /* ViewController.m in Sources */,
				F8FF11511D3E36E500FC9F58 /* AppDelegate.m in Sources */,
				F8FF114E1D3E36E400FC9F58 /* main.m in Sources */,
				F8BB8C1F1D4076F7008C0EE2 /* NSNumber+Transform.m in Sources */,
				F8BB8C1C1D3F98A2008C0EE2 /* network.m in Sources */,
				F8BB8C241D40D71C008C0EE2 /* RecordListVC.m in Sources */,
			);
			runOnlyForDeploymentPostprocessing = 0;
		};
/* End PBXSourcesBuildPhase section */

/* Begin PBXVariantGroup section */
		F8FF11551D3E36E500FC9F58 /* Main.storyboard */ = {
			isa = PBXVariantGroup;
			children = (
				F8FF11561D3E36E500FC9F58 /* Base */,
			);
			name = Main.storyboard;
			sourceTree = "<group>";
		};
		F8FF115A1D3E36E500FC9F58 /* LaunchScreen.storyboard */ = {
			isa = PBXVariantGroup;
			children = (
				F8FF115B1D3E36E500FC9F58 /* Base */,
			);
			name = LaunchScreen.storyboard;
			sourceTree = "<group>";
		};
/* End PBXVariantGroup section */

/* Begin XCBuildConfiguration section */
		F8FF115E1D3E36E500FC9F58 /* Debug */ = {
			isa = XCBuildConfiguration;
			buildSettings = {
				ALWAYS_SEARCH_USER_PATHS = NO;
				CLANG_CXX_LANGUAGE_STANDARD = "gnu++0x";
				CLANG_CXX_LIBRARY = "libc++";
				CLANG_ENABLE_MODULES = YES;
				CLANG_ENABLE_OBJC_ARC = YES;
				CLANG_WARN_BOOL_CONVERSION = YES;
				CLANG_WARN_CONSTANT_CONVERSION = YES;
				CLANG_WARN_DIRECT_OBJC_ISA_USAGE = YES_ERROR;
				CLANG_WARN_EMPTY_BODY = YES;
				CLANG_WARN_ENUM_CONVERSION = YES;
				CLANG_WARN_INT_CONVERSION = YES;
				CLANG_WARN_OBJC_ROOT_CLASS = YES_ERROR;
				CLANG_WARN_UNREACHABLE_CODE = YES;
				CLANG_WARN__DUPLICATE_METHOD_MATCH = YES;
				"CODE_SIGN_IDENTITY[sdk=iphoneos*]" = "iPhone Developer";
				COPY_PHASE_STRIP = NO;
				DEBUG_INFORMATION_FORMAT = dwarf;
				ENABLE_STRICT_OBJC_MSGSEND = YES;
				ENABLE_TESTABILITY = YES;
				GCC_C_LANGUAGE_STANDARD = gnu99;
				GCC_DYNAMIC_NO_PIC = NO;
				GCC_NO_COMMON_BLOCKS = YES;
				GCC_OPTIMIZATION_LEVEL = 0;
				GCC_PREPROCESSOR_DEFINITIONS = (
					"DEBUG=1",
					"$(inherited)",
				);
				GCC_WARN_64_TO_32_BIT_CONVERSION = YES;
				GCC_WARN_ABOUT_RETURN_TYPE = YES_ERROR;
				GCC_WARN_UNDECLARED_SELECTOR = YES;
				GCC_WARN_UNINITIALIZED_AUTOS = YES_AGGRESSIVE;
				GCC_WARN_UNUSED_FUNCTION = YES;
				GCC_WARN_UNUSED_VARIABLE = YES;
				IPHONEOS_DEPLOYMENT_TARGET = 9.1;
				MTL_ENABLE_DEBUG_INFO = YES;
				ONLY_ACTIVE_ARCH = YES;
				SDKROOT = iphoneos;
			};
			name = Debug;
		};
		F8FF115F1D3E36E500FC9F58 /* Release */ = {
			isa = XCBuildConfiguration;
			buildSettings = {
				ALWAYS_SEARCH_USER_PATHS = NO;
				CLANG_CXX_LANGUAGE_STANDARD = "gnu++0x";
				CLANG_CXX_LIBRARY = "libc++";
				CLANG_ENABLE_MODULES = YES;
				CLANG_ENABLE_OBJC_ARC = YES;
				CLANG_WARN_BOOL_CONVERSION = YES;
				CLANG_WARN_CONSTANT_CONVERSION = YES;
				CLANG_WARN_DIRECT_OBJC_ISA_USAGE = YES_ERROR;
				CLANG_WARN_EMPTY_BODY = YES;
				CLANG_WARN_ENUM_CONVERSION = YES;
				CLANG_WARN_INT_CONVERSION = YES;
				CLANG_WARN_OBJC_ROOT_CLASS = YES_ERROR;
				CLANG_WARN_UNREACHABLE_CODE = YES;
				CLANG_WARN__DUPLICATE_METHOD_MATCH = YES;
				"CODE_SIGN_IDENTITY[sdk=iphoneos*]" = "iPhone Developer";
				COPY_PHASE_STRIP = NO;
				DEBUG_INFORMATION_FORMAT = "dwarf-with-dsym";
				ENABLE_NS_ASSERTIONS = NO;
				ENABLE_STRICT_OBJC_MSGSEND = YES;
				GCC_C_LANGUAGE_STANDARD = gnu99;
				GCC_NO_COMMON_BLOCKS = YES;
				GCC_WARN_64_TO_32_BIT_CONVERSION = YES;
				GCC_WARN_ABOUT_RETURN_TYPE = YES_ERROR;
				GCC_WARN_UNDECLARED_SELECTOR = YES;
				GCC_WARN_UNINITIALIZED_AUTOS = YES_AGGRESSIVE;
				GCC_WARN_UNUSED_FUNCTION = YES;
				GCC_WARN_UNUSED_VARIABLE = YES;
				IPHONEOS_DEPLOYMENT_TARGET = 9.1;
				MTL_ENABLE_DEBUG_INFO = NO;
				SDKROOT = iphoneos;
				VALIDATE_PRODUCT = YES;
			};
			name = Release;
		};
		F8FF11611D3E36E500FC9F58 /* Debug */ = {
			isa = XCBuildConfiguration;
			buildSettings = {
				ASSETCATALOG_COMPILER_APPICON_NAME = AppIcon;
				CODE_SIGN_IDENTITY = "iPhone Distribution: Talkweb Information System Co., Ltd";
				INFOPLIST_FILE = WiFi_Souround/Info.plist;
				IPHONEOS_DEPLOYMENT_TARGET = 7.0;
				LD_RUNPATH_SEARCH_PATHS = "$(inherited) @executable_path/Frameworks";
				LINKER_DISPLAYS_MANGLED_NAMES = NO;
				PRODUCT_BUNDLE_IDENTIFIER = com.talkweb.gravity;
				PRODUCT_NAME = "定位测试";
				PROVISIONING_PROFILE = "f872722a-a038-452f-8e7d-0b36236e8bd8";
				TARGETED_DEVICE_FAMILY = "1,2";
			};
			name = Debug;
		};
		F8FF11621D3E36E500FC9F58 /* Release */ = {
			isa = XCBuildConfiguration;
			buildSettings = {
				ASSETCATALOG_COMPILER_APPICON_NAME = AppIcon;
				CODE_SIGN_IDENTITY = "iPhone Distribution: Talkweb Information System Co., Ltd";
				INFOPLIST_FILE = WiFi_Souround/Info.plist;
				IPHONEOS_DEPLOYMENT_TARGET = 7.0;
				LD_RUNPATH_SEARCH_PATHS = "$(inherited) @executable_path/Frameworks";
				LINKER_DISPLAYS_MANGLED_NAMES = NO;
				PRODUCT_BUNDLE_IDENTIFIER = com.talkweb.gravity;
				PRODUCT_NAME = "定位测试";
				PROVISIONING_PROFILE = "f872722a-a038-452f-8e7d-0b36236e8bd8";
				TARGETED_DEVICE_FAMILY = "1,2";
			};
			name = Release;
		};
/* End XCBuildConfiguration section */

/* Begin XCConfigurationList section */
		F8FF11441D3E36E400FC9F58 /* Build configuration list for PBXProject "WiFi_Souround" */ = {
			isa = XCConfigurationList;
			buildConfigurations = (
				F8FF115E1D3E36E500FC9F58 /* Debug */,
				F8FF115F1D3E36E500FC9F58 /* Release */,
			);
			defaultConfigurationIsVisible = 0;
			defaultConfigurationName = Release;
		};
		F8FF11601D3E36E500FC9F58 /* Build configuration list for PBXNativeTarget "Wifi_souround" */ = {
			isa = XCConfigurationList;
			buildConfigurations = (
				F8FF11611D3E36E500FC9F58 /* Debug */,
				F8FF11621D3E36E500FC9F58 /* Release */,
			);
			defaultConfigurationIsVisible = 0;
			defaultConfigurationName = Release;
		};
/* End XCConfigurationList section */
	};
	rootObject = F8FF11411D3E36E400FC9F58 /* Project object */;
}
